
Microsoft Visual Studio Solution File, Format Version 12.00
# Visual Studio Version 17
VisualStudioVersion = 17.7.34031.279
MinimumVisualStudioVersion = 10.0.40219.1
Project("{FAE04EC0-301F-11D3-BF4B-00C04F79EFBC}") = "EstateAPI", "EstateAPI\EstateAPI.csproj", "{A87E095F-05F5-4155-BA95-422B3FF2796E}"
EndProject
Project("{FAE04EC0-301F-11D3-BF4B-00C04F79EFBC}") = "EstateUI", "EstateUI\EstateUI.csproj", "{F39AF25B-9F75-4840-B918-F9702D0AB35E}"
EndProject
Global
	GlobalSection(SolutionConfigurationPlatforms) = preSolution
		Debug|Any CPU = Debug|Any CPU
		Release|Any CPU = Release|Any CPU
	EndGlobalSection
	GlobalSection(ProjectConfigurationPlatforms) = postSolution
		{A87E095F-05F5-4155-BA95-422B3FF2796E}.Debug|Any CPU.ActiveCfg = Debug|Any CPU
		{A87E095F-05F5-4155-BA95-422B3FF2796E}.Debug|Any CPU.Build.0 = Debug|Any CPU
		{A87E095F-05F5-4155-BA95-422B3FF2796E}.Release|Any CPU.ActiveCfg = Release|Any CPU
		{A87E095F-05F5-4155-BA95-422B3FF2796E}.Release|Any CPU.Build.0 = Release|Any CPU
		{F39AF25B-9F75-4840-B918-F9702D0AB35E}.Debug|Any CPU.ActiveCfg = Debug|Any CPU
		{F39AF25B-9F75-4840-B918-F9702D0AB35E}.Debug|Any CPU.Build.0 = Debug|Any CPU
		{F39AF25B-9F75-4840-B918-F9702D0AB35E}.Release|Any CPU.ActiveCfg = Release|Any CPU
		{F39AF25B-9F75-4840-B918-F9702D0AB35E}.Release|Any CPU.Build.0 = Release|Any CPU
	EndGlobalSection
	GlobalSection(SolutionProperties) = preSolution
		HideSolutionNode = FALSE
	EndGlobalSection
	GlobalSection(ExtensibilityGlobals) = postSolution
		SolutionGuid = {D172A5C0-355F-4F48-B92E-296E1D1805C6}
	EndGlobalSection
EndGlobal
